
Microsoft Visual Studio Solution File, Format Version 12.00
Project("{FAE04EC0-301F-11D3-BF4B-00C04F79EFBC}") = "BranchPredictionSimulator", "BranchPredictionSimulator.csproj", "{461AF0F5-DA8A-454C-A077-FDA72A2E34B8}"
EndProject
Global
	GlobalSection(SolutionConfigurationPlatforms) = preSolution
		Debug|Any CPU = Debug|Any CPU
		Release|Any CPU = Release|Any CPU
	EndGlobalSection
	GlobalSection(ProjectConfigurationPlatforms) = postSolution
		{461AF0F5-DA8A-454C-A077-FDA72A2E34B8}.Debug|Any CPU.ActiveCfg = Debug|Any CPU
		{461AF0F5-DA8A-454C-A077-FDA72A2E34B8}.Debug|Any CPU.Build.0 = Debug|Any CPU
		{461AF0F5-DA8A-454C-A077-FDA72A2E34B8}.Release|Any CPU.ActiveCfg = Release|Any CPU
		{461AF0F5-DA8A-454C-A077-FDA72A2E34B8}.Release|Any CPU.Build.0 = Release|Any CPU
	EndGlobalSection
EndGlobal
